// !$*UTF8*$!
{
	archiveVersion = 1;
	classes = {
	};
	objectVersion = 46;
	objects = {

/* Begin PBXBuildFile section */
		6A2C644B192BA712003AB8FD /* Foundation.framework in Frameworks */ = {isa = PBXBuildFile; fileRef = 6A2C644A192BA712003AB8FD /* Foundation.framework */; };
		6A2C644D192BA712003AB8FD /* CoreGraphics.framework in Frameworks */ = {isa = PBXBuildFile; fileRef = 6A2C644C192BA712003AB8FD /* CoreGraphics.framework */; };
		6A2C644F192BA712003AB8FD /* UIKit.framework in Frameworks */ = {isa = PBXBuildFile; fileRef = 6A2C644E192BA712003AB8FD /* UIKit.framework */; };
		6A2C6455192BA712003AB8FD /* InfoPlist.strings in Resources */ = {isa = PBXBuildFile; fileRef = 6A2C6453192BA712003AB8FD /* InfoPlist.strings */; };
		6A2C6457192BA712003AB8FD /* main.m in Sources */ = {isa = PBXBuildFile; fileRef = 6A2C6456192BA712003AB8FD /* main.m */; };
		6A2C645B192BA712003AB8FD /* AppDelegate.m in Sources */ = {isa = PBXBuildFile; fileRef = 6A2C645A192BA712003AB8FD /* AppDelegate.m */; };
		6A2C645E192BA712003AB8FD /* Main.storyboard in Resources */ = {isa = PBXBuildFile; fileRef = 6A2C645C192BA712003AB8FD /* Main.storyboard */; };
		6A2C6461192BA712003AB8FD /* ViewController.m in Sources */ = {isa = PBXBuildFile; fileRef = 6A2C6460192BA712003AB8FD /* ViewController.m */; };
		6A2C6463192BA712003AB8FD /* Images.xcassets in Resources */ = {isa = PBXBuildFile; fileRef = 6A2C6462192BA712003AB8FD /* Images.xcassets */; };
		6A2C646A192BA712003AB8FD /* XCTest.framework in Frameworks */ = {isa = PBXBuildFile; fileRef = 6A2C6469192BA712003AB8FD /* XCTest.framework */; };
		6A2C646B192BA712003AB8FD /* Foundation.framework in Frameworks */ = {isa = PBXBuildFile; fileRef = 6A2C644A192BA712003AB8FD /* Foundation.framework */; };
		6A2C646C192BA712003AB8FD /* UIKit.framework in Frameworks */ = {isa = PBXBuildFile; fileRef = 6A2C644E192BA712003AB8FD /* UIKit.framework */; };
		6A2C6474192BA712003AB8FD /* InfoPlist.strings in Resources */ = {isa = PBXBuildFile; fileRef = 6A2C6472192BA712003AB8FD /* InfoPlist.strings */; };
		6A2C6476192BA712003AB8FD /* DragonFashionTests.m in Sources */ = {isa = PBXBuildFile; fileRef = 6A2C6475192BA712003AB8FD /* DragonFashionTests.m */; };
		6A2C6481192BADC8003AB8FD /* Dragon.m in Sources */ = {isa = PBXBuildFile; fileRef = 6A2C6480192BADC8003AB8FD /* Dragon.m */; };
		6A2C6484192BC34F003AB8FD /* DragonDetailViewController.m in Sources */ = {isa = PBXBuildFile; fileRef = 6A2C6483192BC34F003AB8FD /* DragonDetailViewController.m */; };
/* End PBXBuildFile section */

/* Begin PBXContainerItemProxy section */
		6A2C646D192BA712003AB8FD /* PBXContainerItemProxy */ = {
			isa = PBXContainerItemProxy;
			containerPortal = 6A2C643F192BA711003AB8FD /* Project object */;
			proxyType = 1;
			remoteGlobalIDString = 6A2C6446192BA711003AB8FD;
			remoteInfo = DragonFashion;
		};
/* End PBXContainerItemProxy section */

/* Begin PBXFileReference section */
		6A2C6447192BA712003AB8FD /* DragonFashion.app */ = {isa = PBXFileReference; explicitFileType = wrapper.application; includeInIndex = 0; path = DragonFashion.app; sourceTree = BUILT_PRODUCTS_DIR; };
		6A2C644A192BA712003AB8FD /* Foundation.framework */ = {isa = PBXFileReference; lastKnownFileType = wrapper.framework; name = Foundation.framework; path = System/Library/Frameworks/Foundation.framework; sourceTree = SDKROOT; };
		6A2C644C192BA712003AB8FD /* CoreGraphics.framework */ = {isa = PBXFileReference; lastKnownFileType = wrapper.framework; name = CoreGraphics.framework; path = System/Library/Frameworks/CoreGraphics.framework; sourceTree = SDKROOT; };
		6A2C644E192BA712003AB8FD /* UIKit.framework */ = {isa = PBXFileReference; lastKnownFileType = wrapper.framework; name = UIKit.framework; path = System/Library/Frameworks/UIKit.framework; sourceTree = SDKROOT; };
		6A2C6452192BA712003AB8FD /* DragonFashion-Info.plist */ = {isa = PBXFileReference; lastKnownFileType = text.plist.xml; path = "DragonFashion-Info.plist"; sourceTree = "<group>"; };
		6A2C6454192BA712003AB8FD /* en */ = {isa = PBXFileReference; lastKnownFileType = text.plist.strings; name = en; path = en.lproj/InfoPlist.strings; sourceTree = "<group>"; };
		6A2C6456192BA712003AB8FD /* main.m */ = {isa = PBXFileReference; lastKnownFileType = sourcecode.c.objc; path = main.m; sourceTree = "<group>"; };
		6A2C6458192BA712003AB8FD /* DragonFashion-Prefix.pch */ = {isa = PBXFileReference; lastKnownFileType = sourcecode.c.h; path = "DragonFashion-Prefix.pch"; sourceTree = "<group>"; };
		6A2C6459192BA712003AB8FD /* AppDelegate.h */ = {isa = PBXFileReference; lastKnownFileType = sourcecode.c.h; path = AppDelegate.h; sourceTree = "<group>"; };
		6A2C645A192BA712003AB8FD /* AppDelegate.m */ = {isa = PBXFileReference; lastKnownFileType = sourcecode.c.objc; path = AppDelegate.m; sourceTree = "<group>"; };
		6A2C645D192BA712003AB8FD /* Base */ = {isa = PBXFileReference; lastKnownFileType = file.storyboard; name = Base; path = Base.lproj/Main.storyboard; sourceTree = "<group>"; };
		6A2C645F192BA712003AB8FD /* ViewController.h */ = {isa = PBXFileReference; lastKnownFileType = sourcecode.c.h; path = ViewController.h; sourceTree = "<group>"; };
		6A2C6460192BA712003AB8FD /* ViewController.m */ = {isa = PBXFileReference; lastKnownFileType = sourcecode.c.objc; path = ViewController.m; sourceTree = "<group>"; };
		6A2C6462192BA712003AB8FD /* Images.xcassets */ = {isa = PBXFileReference; lastKnownFileType = folder.assetcatalog; path = Images.xcassets; sourceTree = "<group>"; };
		6A2C6468192BA712003AB8FD /* DragonFashionTests.xctest */ = {isa = PBXFileReference; explicitFileType = wrapper.cfbundle; includeInIndex = 0; path = DragonFashionTests.xctest; sourceTree = BUILT_PRODUCTS_DIR; };
		6A2C6469192BA712003AB8FD /* XCTest.framework */ = {isa = PBXFileReference; lastKnownFileType = wrapper.framework; name = XCTest.framework; path = Library/Frameworks/XCTest.framework; sourceTree = DEVELOPER_DIR; };
		6A2C6471192BA712003AB8FD /* DragonFashionTests-Info.plist */ = {isa = PBXFileReference; lastKnownFileType = text.plist.xml; path = "DragonFashionTests-Info.plist"; sourceTree = "<group>"; };
		6A2C6473192BA712003AB8FD /* en */ = {isa = PBXFileReference; lastKnownFileType = text.plist.strings; name = en; path = en.lproj/InfoPlist.strings; sourceTree = "<group>"; };
		6A2C6475192BA712003AB8FD /* DragonFashionTests.m */ = {isa = PBXFileReference; lastKnownFileType = sourcecode.c.objc; path = DragonFashionTests.m; sourceTree = "<group>"; };
		6A2C647F192BADC8003AB8FD /* Dragon.h */ = {isa = PBXFileReference; fileEncoding = 4; lastKnownFileType = sourcecode.c.h; path = Dragon.h; sourceTree = "<group>"; };
		6A2C6480192BADC8003AB8FD /* Dragon.m */ = {isa = PBXFileReference; fileEncoding = 4; lastKnownFileType = sourcecode.c.objc; path = Dragon.m; sourceTree = "<group>"; };
		6A2C6482192BC34F003AB8FD /* DragonDetailViewController.h */ = {isa = PBXFileReference; fileEncoding = 4; lastKnownFileType = sourcecode.c.h; path = DragonDetailViewController.h; sourceTree = "<group>"; };
		6A2C6483192BC34F003AB8FD /* DragonDetailViewController.m */ = {isa = PBXFileReference; fileEncoding = 4; lastKnownFileType = sourcecode.c.objc; path = DragonDetailViewController.m; sourceTree = "<group>"; };
/* End PBXFileReference section */

/* Begin PBXFrameworksBuildPhase section */
		6A2C6444192BA711003AB8FD /* Frameworks */ = {
			isa = PBXFrameworksBuildPhase;
			buildActionMask = 2147483647;
			files = (
				6A2C644D192BA712003AB8FD /* CoreGraphics.framework in Frameworks */,
				6A2C644F192BA712003AB8FD /* UIKit.framework in Frameworks */,
				6A2C644B192BA712003AB8FD /* Foundation.framework in Frameworks */,
			);
			runOnlyForDeploymentPostprocessing = 0;
		};
		6A2C6465192BA712003AB8FD /* Frameworks */ = {
			isa = PBXFrameworksBuildPhase;
			buildActionMask = 2147483647;
			files = (
				6A2C646A192BA712003AB8FD /* XCTest.framework in Frameworks */,
				6A2C646C192BA712003AB8FD /* UIKit.framework in Frameworks */,
				6A2C646B192BA712003AB8FD /* Foundation.framework in Frameworks */,
			);
			runOnlyForDeploymentPostprocessing = 0;
		};
/* End PBXFrameworksBuildPhase section */

/* Begin PBXGroup section */
		6A2C643E192BA711003AB8FD = {
			isa = PBXGroup;
			children = (
				6A2C6450192BA712003AB8FD /* DragonFashion */,
				6A2C646F192BA712003AB8FD /* DragonFashionTests */,
				6A2C6449192BA712003AB8FD /* Frameworks */,
				6A2C6448192BA712003AB8FD /* Products */,
			);
			sourceTree = "<group>";
		};
		6A2C6448192BA712003AB8FD /* Products */ = {
			isa = PBXGroup;
			children = (
				6A2C6447192BA712003AB8FD /* DragonFashion.app */,
				6A2C6468192BA712003AB8FD /* DragonFashionTests.xctest */,
			);
			name = Products;
			sourceTree = "<group>";
		};
		6A2C6449192BA712003AB8FD /* Frameworks */ = {
			isa = PBXGroup;
			children = (
				6A2C644A192BA712003AB8FD /* Foundation.framework */,
				6A2C644C192BA712003AB8FD /* CoreGraphics.framework */,
				6A2C644E192BA712003AB8FD /* UIKit.framework */,
				6A2C6469192BA712003AB8FD /* XCTest.framework */,
			);
			name = Frameworks;
			sourceTree = "<group>";
		};
		6A2C6450192BA712003AB8FD /* DragonFashion */ = {
			isa = PBXGroup;
			children = (
				6A2C6459192BA712003AB8FD /* AppDelegate.h */,
				6A2C645A192BA712003AB8FD /* AppDelegate.m */,
				6A2C645C192BA712003AB8FD /* Main.storyboard */,
				6A2C6482192BC34F003AB8FD /* DragonDetailViewController.h */,
				6A2C6483192BC34F003AB8FD /* DragonDetailViewController.m */,
				6A2C645F192BA712003AB8FD /* ViewController.h */,
				6A2C6460192BA712003AB8FD /* ViewController.m */,
				6A2C647F192BADC8003AB8FD /* Dragon.h */,
				6A2C6480192BADC8003AB8FD /* Dragon.m */,
				6A2C6462192BA712003AB8FD /* Images.xcassets */,
				6A2C6451192BA712003AB8FD /* Supporting Files */,
			);
			path = DragonFashion;
			sourceTree = "<group>";
		};
		6A2C6451192BA712003AB8FD /* Supporting Files */ = {
			isa = PBXGroup;
			children = (
				6A2C6452192BA712003AB8FD /* DragonFashion-Info.plist */,
				6A2C6453192BA712003AB8FD /* InfoPlist.strings */,
				6A2C6456192BA712003AB8FD /* main.m */,
				6A2C6458192BA712003AB8FD /* DragonFashion-Prefix.pch */,
			);
			name = "Supporting Files";
			sourceTree = "<group>";
		};
		6A2C646F192BA712003AB8FD /* DragonFashionTests */ = {
			isa = PBXGroup;
			children = (
				6A2C6475192BA712003AB8FD /* DragonFashionTests.m */,
				6A2C6470192BA712003AB8FD /* Supporting Files */,
			);
			path = DragonFashionTests;
			sourceTree = "<group>";
		};
		6A2C6470192BA712003AB8FD /* Supporting Files */ = {
			isa = PBXGroup;
			children = (
				6A2C6471192BA712003AB8FD /* DragonFashionTests-Info.plist */,
				6A2C6472192BA712003AB8FD /* InfoPlist.strings */,
			);
			name = "Supporting Files";
			sourceTree = "<group>";
		};
/* End PBXGroup section */

/* Begin PBXNativeTarget section */
		6A2C6446192BA711003AB8FD /* DragonFashion */ = {
			isa = PBXNativeTarget;
			buildConfigurationList = 6A2C6479192BA712003AB8FD /* Build configuration list for PBXNativeTarget "DragonFashion" */;
			buildPhases = (
				6A2C6443192BA711003AB8FD /* Sources */,
				6A2C6444192BA711003AB8FD /* Frameworks */,
				6A2C6445192BA711003AB8FD /* Resources */,
			);
			buildRules = (
			);
			dependencies = (
			);
			name = DragonFashion;
			productName = DragonFashion;
			productReference = 6A2C6447192BA712003AB8FD /* DragonFashion.app */;
			productType = "com.apple.product-type.application";
		};
		6A2C6467192BA712003AB8FD /* DragonFashionTests */ = {
			isa = PBXNativeTarget;
			buildConfigurationList = 6A2C647C192BA712003AB8FD /* Build configuration list for PBXNativeTarget "DragonFashionTests" */;
			buildPhases = (
				6A2C6464192BA712003AB8FD /* Sources */,
				6A2C6465192BA712003AB8FD /* Frameworks */,
				6A2C6466192BA712003AB8FD /* Resources */,
			);
			buildRules = (
			);
			dependencies = (
				6A2C646E192BA712003AB8FD /* PBXTargetDependency */,
			);
			name = DragonFashionTests;
			productName = DragonFashionTests;
			productReference = 6A2C6468192BA712003AB8FD /* DragonFashionTests.xctest */;
			productType = "com.apple.product-type.bundle.unit-test";
		};
/* End PBXNativeTarget section */

/* Begin PBXProject section */
		6A2C643F192BA711003AB8FD /* Project object */ = {
			isa = PBXProject;
			attributes = {
				LastUpgradeCheck = 0510;
				ORGANIZATIONNAME = "Orten, Thomas";
				TargetAttributes = {
					6A2C6467192BA712003AB8FD = {
						TestTargetID = 6A2C6446192BA711003AB8FD;
					};
				};
			};
			buildConfigurationList = 6A2C6442192BA711003AB8FD /* Build configuration list for PBXProject "DragonFashion" */;
			compatibilityVersion = "Xcode 3.2";
			developmentRegion = English;
			hasScannedForEncodings = 0;
			knownRegions = (
				en,
				Base,
			);
			mainGroup = 6A2C643E192BA711003AB8FD;
			productRefGroup = 6A2C6448192BA712003AB8FD /* Products */;
			projectDirPath = "";
			projectRoot = "";
			targets = (
				6A2C6446192BA711003AB8FD /* DragonFashion */,
				6A2C6467192BA712003AB8FD /* DragonFashionTests */,
			);
		};
/* End PBXProject section */

/* Begin PBXResourcesBuildPhase section */
		6A2C6445192BA711003AB8FD /* Resources */ = {
			isa = PBXResourcesBuildPhase;
			buildActionMask = 2147483647;
			files = (
				6A2C6463192BA712003AB8FD /* Images.xcassets in Resources */,
				6A2C6455192BA712003AB8FD /* InfoPlist.strings in Resources */,
				6A2C645E192BA712003AB8FD /* Main.storyboard in Resources */,
			);
			runOnlyForDeploymentPostprocessing = 0;
		};
		6A2C6466192BA712003AB8FD /* Resources */ = {
			isa = PBXResourcesBuildPhase;
			buildActionMask = 2147483647;
			files = (
				6A2C6474192BA712003AB8FD /* InfoPlist.strings in Resources */,
			);
			runOnlyForDeploymentPostprocessing = 0;
		};
/* End PBXResourcesBuildPhase section */

/* Begin PBXSourcesBuildPhase section */
		6A2C6443192BA711003AB8FD /* Sources */ = {
			isa = PBXSourcesBuildPhase;
			buildActionMask = 2147483647;
			files = (
				6A2C6461192BA712003AB8FD /* ViewController.m in Sources */,
				6A2C645B192BA712003AB8FD /* AppDelegate.m in Sources */,
				6A2C6484192BC34F003AB8FD /* DragonDetailViewController.m in Sources */,
				6A2C6481192BADC8003AB8FD /* Dragon.m in Sources */,
				6A2C6457192BA712003AB8FD /* main.m in Sources */,
			);
			runOnlyForDeploymentPostprocessing = 0;
		};
		6A2C6464192BA712003AB8FD /* Sources */ = {
			isa = PBXSourcesBuildPhase;
			buildActionMask = 2147483647;
			files = (
				6A2C6476192BA712003AB8FD /* DragonFashionTests.m in Sources */,
			);
			runOnlyForDeploymentPostprocessing = 0;
		};
/* End PBXSourcesBuildPhase section */

/* Begin PBXTargetDependency section */
		6A2C646E192BA712003AB8FD /* PBXTargetDependency */ = {
			isa = PBXTargetDependency;
			target = 6A2C6446192BA711003AB8FD /* DragonFashion */;
			targetProxy = 6A2C646D192BA712003AB8FD /* PBXContainerItemProxy */;
		};
/* End PBXTargetDependency section */

/* Begin PBXVariantGroup section */
		6A2C6453192BA712003AB8FD /* InfoPlist.strings */ = {
			isa = PBXVariantGroup;
			children = (
				6A2C6454192BA712003AB8FD /* en */,
			);
			name = InfoPlist.strings;
			sourceTree = "<group>";
		};
		6A2C645C192BA712003AB8FD /* Main.storyboard */ = {
			isa = PBXVariantGroup;
			children = (
				6A2C645D192BA712003AB8FD /* Base */,
			);
			name = Main.storyboard;
			sourceTree = "<group>";
		};
		6A2C6472192BA712003AB8FD /* InfoPlist.strings */ = {
			isa = PBXVariantGroup;
			children = (
				6A2C6473192BA712003AB8FD /* en */,
			);
			name = InfoPlist.strings;
			sourceTree = "<group>";
		};
/* End PBXVariantGroup section */

/* Begin XCBuildConfiguration section */
		6A2C6477192BA712003AB8FD /* Debug */ = {
			isa = XCBuildConfiguration;
			buildSettings = {
				ALWAYS_SEARCH_USER_PATHS = NO;
				CLANG_CXX_LANGUAGE_STANDARD = "gnu++0x";
				CLANG_CXX_LIBRARY = "libc++";
				CLANG_ENABLE_MODULES = YES;
				CLANG_ENABLE_OBJC_ARC = YES;
				CLANG_WARN_BOOL_CONVERSION = YES;
				CLANG_WARN_CONSTANT_CONVERSION = YES;
				CLANG_WARN_DIRECT_OBJC_ISA_USAGE = YES_ERROR;
				CLANG_WARN_EMPTY_BODY = YES;
				CLANG_WARN_ENUM_CONVERSION = YES;
				CLANG_WARN_INT_CONVERSION = YES;
				CLANG_WARN_OBJC_ROOT_CLASS = YES_ERROR;
				CLANG_WARN__DUPLICATE_METHOD_MATCH = YES;
				"CODE_SIGN_IDENTITY[sdk=iphoneos*]" = "iPhone Developer";
				COPY_PHASE_STRIP = NO;
				GCC_C_LANGUAGE_STANDARD = gnu99;
				GCC_DYNAMIC_NO_PIC = NO;
				GCC_OPTIMIZATION_LEVEL = 0;
				GCC_PREPROCESSOR_DEFINITIONS = (
					"DEBUG=1",
					"$(inherited)",
				);
				GCC_SYMBOLS_PRIVATE_EXTERN = NO;
				GCC_WARN_64_TO_32_BIT_CONVERSION = YES;
				GCC_WARN_ABOUT_RETURN_TYPE = YES_ERROR;
				GCC_WARN_UNDECLARED_SELECTOR = YES;
				GCC_WARN_UNINITIALIZED_AUTOS = YES_AGGRESSIVE;
				GCC_WARN_UNUSED_FUNCTION = YES;
				GCC_WARN_UNUSED_VARIABLE = YES;
				IPHONEOS_DEPLOYMENT_TARGET = 7.1;
				ONLY_ACTIVE_ARCH = YES;
				SDKROOT = iphoneos;
			};
			name = Debug;
		};
		6A2C6478192BA712003AB8FD /* Release */ = {
			isa = XCBuildConfiguration;
			buildSettings = {
				ALWAYS_SEARCH_USER_PATHS = NO;
				CLANG_CXX_LANGUAGE_STANDARD = "gnu++0x";
				CLANG_CXX_LIBRARY = "libc++";
				CLANG_ENABLE_MODULES = YES;
				CLANG_ENABLE_OBJC_ARC = YES;
				CLANG_WARN_BOOL_CONVERSION = YES;
				CLANG_WARN_CONSTANT_CONVERSION = YES;
				CLANG_WARN_DIRECT_OBJC_ISA_USAGE = YES_ERROR;
				CLANG_WARN_EMPTY_BODY = YES;
				CLANG_WARN_ENUM_CONVERSION = YES;
				CLANG_WARN_INT_CONVERSION = YES;
				CLANG_WARN_OBJC_ROOT_CLASS = YES_ERROR;
				CLANG_WARN__DUPLICATE_METHOD_MATCH = YES;
				"CODE_SIGN_IDENTITY[sdk=iphoneos*]" = "iPhone Developer";
				COPY_PHASE_STRIP = YES;
				ENABLE_NS_ASSERTIONS = NO;
				GCC_C_LANGUAGE_STANDARD = gnu99;
				GCC_WARN_64_TO_32_BIT_CONVERSION = YES;
				GCC_WARN_ABOUT_RETURN_TYPE = YES_ERROR;
				GCC_WARN_UNDECLARED_SELECTOR = YES;
				GCC_WARN_UNINITIALIZED_AUTOS = YES_AGGRESSIVE;
				GCC_WARN_UNUSED_FUNCTION = YES;
				GCC_WARN_UNUSED_VARIABLE = YES;
				IPHONEOS_DEPLOYMENT_TARGET = 7.1;
				SDKROOT = iphoneos;
				VALIDATE_PRODUCT = YES;
			};
			name = Release;
		};
		6A2C647A192BA712003AB8FD /* Debug */ = {
			isa = XCBuildConfiguration;
			buildSettings = {
				ASSETCATALOG_COMPILER_APPICON_NAME = AppIcon;
				ASSETCATALOG_COMPILER_LAUNCHIMAGE_NAME = LaunchImage;
				GCC_PRECOMPILE_PREFIX_HEADER = YES;
				GCC_PREFIX_HEADER = "DragonFashion/DragonFashion-Prefix.pch";
				INFOPLIST_FILE = "DragonFashion/DragonFashion-Info.plist";
				PRODUCT_NAME = "$(TARGET_NAME)";
				WRAPPER_EXTENSION = app;
			};
			name = Debug;
		};
		6A2C647B192BA712003AB8FD /* Release */ = {
			isa = XCBuildConfiguration;
			buildSettings = {
				ASSETCATALOG_COMPILER_APPICON_NAME = AppIcon;
				ASSETCATALOG_COMPILER_LAUNCHIMAGE_NAME = LaunchImage;
				GCC_PRECOMPILE_PREFIX_HEADER = YES;
				GCC_PREFIX_HEADER = "DragonFashion/DragonFashion-Prefix.pch";
				INFOPLIST_FILE = "DragonFashion/DragonFashion-Info.plist";
				PRODUCT_NAME = "$(TARGET_NAME)";
				WRAPPER_EXTENSION = app;
			};
			name = Release;
		};
		6A2C647D192BA712003AB8FD /* Debug */ = {
			isa = XCBuildConfiguration;
			buildSettings = {
				BUNDLE_LOADER = "$(BUILT_PRODUCTS_DIR)/DragonFashion.app/DragonFashion";
				FRAMEWORK_SEARCH_PATHS = (
					"$(SDKROOT)/Developer/Library/Frameworks",
					"$(inherited)",
					"$(DEVELOPER_FRAMEWORKS_DIR)",
				);
				GCC_PRECOMPILE_PREFIX_HEADER = YES;
				GCC_PREFIX_HEADER = "DragonFashion/DragonFashion-Prefix.pch";
				GCC_PREPROCESSOR_DEFINITIONS = (
					"DEBUG=1",
					"$(inherited)",
				);
				INFOPLIST_FILE = "DragonFashionTests/DragonFashionTests-Info.plist";
				PRODUCT_NAME = "$(TARGET_NAME)";
				TEST_HOST = "$(BUNDLE_LOADER)";
				WRAPPER_EXTENSION = xctest;
			};
			name = Debug;
		};
		6A2C647E192BA712003AB8FD /* Release */ = {
			isa = XCBuildConfiguration;
			buildSettings = {
				BUNDLE_LOADER = "$(BUILT_PRODUCTS_DIR)/DragonFashion.app/DragonFashion";
				FRAMEWORK_SEARCH_PATHS = (
					"$(SDKROOT)/Developer/Library/Frameworks",
					"$(inherited)",
					"$(DEVELOPER_FRAMEWORKS_DIR)",
				);
				GCC_PRECOMPILE_PREFIX_HEADER = YES;
				GCC_PREFIX_HEADER = "DragonFashion/DragonFashion-Prefix.pch";
				INFOPLIST_FILE = "DragonFashionTests/DragonFashionTests-Info.plist";
				PRODUCT_NAME = "$(TARGET_NAME)";
				TEST_HOST = "$(BUNDLE_LOADER)";
				WRAPPER_EXTENSION = xctest;
			};
			name = Release;
		};
/* End XCBuildConfiguration section */

/* Begin XCConfigurationList section */
		6A2C6442192BA711003AB8FD /* Build configuration list for PBXProject "DragonFashion" */ = {
			isa = XCConfigurationList;
			buildConfigurations = (
				6A2C6477192BA712003AB8FD /* Debug */,
				6A2C6478192BA712003AB8FD /* Release */,
			);
			defaultConfigurationIsVisible = 0;
			defaultConfigurationName = Release;
		};
		6A2C6479192BA712003AB8FD /* Build configuration list for PBXNativeTarget "DragonFashion" */ = {
			isa = XCConfigurationList;
			buildConfigurations = (
				6A2C647A192BA712003AB8FD /* Debug */,
				6A2C647B192BA712003AB8FD /* Release */,
			);
			defaultConfigurationIsVisible = 0;
		};
		6A2C647C192BA712003AB8FD /* Build configuration list for PBXNativeTarget "DragonFashionTests" */ = {
			isa = XCConfigurationList;
			buildConfigurations = (
				6A2C647D192BA712003AB8FD /* Debug */,
				6A2C647E192BA712003AB8FD /* Release */,
			);
			defaultConfigurationIsVisible = 0;
		};
/* End XCConfigurationList section */
	};
	rootObject = 6A2C643F192BA711003AB8FD /* Project object */;
}
